
Microsoft Visual Studio Solution File, Format Version 12.00
# Visual Studio Version 16
VisualStudioVersion = 16.0.31410.357
MinimumVisualStudioVersion = 10.0.40219.1
Project("{9A19103F-16F7-4668-BE54-9A1E7A4F7556}") = "PlumGuidePlutoRover.Api", "PlumGuidePlutoRover.Api\PlumGuidePlutoRover.Api.csproj", "{69E7BDC8-B36E-4547-AB0E-CDD86CDE7B17}"
EndProject
Project("{FAE04EC0-301F-11D3-BF4B-00C04F79EFBC}") = "PlumGuidePlutoRover.Api.Tests", "PlumGuidePlutoRover.Api.Tests\PlumGuidePlutoRover.Api.Tests.csproj", "{354CB254-26FD-40AB-8CAF-08099EB0AF52}"
EndProject
Global
	GlobalSection(SolutionConfigurationPlatforms) = preSolution
		Debug|Any CPU = Debug|Any CPU
		Release|Any CPU = Release|Any CPU
	EndGlobalSection
	GlobalSection(ProjectConfigurationPlatforms) = postSolution
		{69E7BDC8-B36E-4547-AB0E-CDD86CDE7B17}.Debug|Any CPU.ActiveCfg = Debug|Any CPU
		{69E7BDC8-B36E-4547-AB0E-CDD86CDE7B17}.Debug|Any CPU.Build.0 = Debug|Any CPU
		{69E7BDC8-B36E-4547-AB0E-CDD86CDE7B17}.Release|Any CPU.ActiveCfg = Release|Any CPU
		{69E7BDC8-B36E-4547-AB0E-CDD86CDE7B17}.Release|Any CPU.Build.0 = Release|Any CPU
		{354CB254-26FD-40AB-8CAF-08099EB0AF52}.Debug|Any CPU.ActiveCfg = Debug|Any CPU
		{354CB254-26FD-40AB-8CAF-08099EB0AF52}.Debug|Any CPU.Build.0 = Debug|Any CPU
		{354CB254-26FD-40AB-8CAF-08099EB0AF52}.Release|Any CPU.ActiveCfg = Release|Any CPU
		{354CB254-26FD-40AB-8CAF-08099EB0AF52}.Release|Any CPU.Build.0 = Release|Any CPU
	EndGlobalSection
	GlobalSection(SolutionProperties) = preSolution
		HideSolutionNode = FALSE
	EndGlobalSection
	GlobalSection(ExtensibilityGlobals) = postSolution
		SolutionGuid = {975C2325-7D6D-4C90-A71C-110DEA85D67B}
	EndGlobalSection
EndGlobal
